// !$*UTF8*$!
{
	archiveVersion = 1;
	classes = {
	};
	objectVersion = 56;
	objects = {

/* Begin PBXBuildFile section */
		54BA78002ACC88B7005D10C0 /* AppDelegate.swift in Sources */ = {isa = PBXBuildFile; fileRef = 54BA77FF2ACC88B7005D10C0 /* AppDelegate.swift */; };
		54BA78022ACC88B7005D10C0 /* SceneDelegate.swift in Sources */ = {isa = PBXBuildFile; fileRef = 54BA78012ACC88B7005D10C0 /* SceneDelegate.swift */; };
		54BA78042ACC88B7005D10C0 /* ViewController.swift in Sources */ = {isa = PBXBuildFile; fileRef = 54BA78032ACC88B7005D10C0 /* ViewController.swift */; };
		54BA78072ACC88B7005D10C0 /* Main.storyboard in Resources */ = {isa = PBXBuildFile; fileRef = 54BA78052ACC88B7005D10C0 /* Main.storyboard */; };
		54BA78092ACC88B8005D10C0 /* Assets.xcassets in Resources */ = {isa = PBXBuildFile; fileRef = 54BA78082ACC88B8005D10C0 /* Assets.xcassets */; };
		54BA780C2ACC88B8005D10C0 /* LaunchScreen.storyboard in Resources */ = {isa = PBXBuildFile; fileRef = 54BA780A2ACC88B8005D10C0 /* LaunchScreen.storyboard */; };
		54BA78142ACCA19D005D10C0 /* GoogleService-Info.plist in Resources */ = {isa = PBXBuildFile; fileRef = 54BA78132ACCA19D005D10C0 /* GoogleService-Info.plist */; };
		54D0F2802AD3DEDA0061E128 /* FeedViewController.swift in Sources */ = {isa = PBXBuildFile; fileRef = 54D0F27F2AD3DEDA0061E128 /* FeedViewController.swift */; };
		54D0F2822AD3DEF60061E128 /* UploadViewController.swift in Sources */ = {isa = PBXBuildFile; fileRef = 54D0F2812AD3DEF60061E128 /* UploadViewController.swift */; };
		54D0F2842AD3DF0A0061E128 /* SettingsViewController.swift in Sources */ = {isa = PBXBuildFile; fileRef = 54D0F2832AD3DF0A0061E128 /* SettingsViewController.swift */; };
		ACCCD325BC63BB56E9241769 /* Pods_FotografPaylasmaUygulamasi.framework in Frameworks */ = {isa = PBXBuildFile; fileRef = CE84BC00F84C92EB2A312FFF /* Pods_FotografPaylasmaUygulamasi.framework */; };
/* End PBXBuildFile section */

/* Begin PBXFileReference section */
		19C48FB576E523C6CDD37840 /* Pods-FotografPaylasmaUygulamasi.release.xcconfig */ = {isa = PBXFileReference; includeInIndex = 1; lastKnownFileType = text.xcconfig; name = "Pods-FotografPaylasmaUygulamasi.release.xcconfig"; path = "Target Support Files/Pods-FotografPaylasmaUygulamasi/Pods-FotografPaylasmaUygulamasi.release.xcconfig"; sourceTree = "<group>"; };
		54BA77FC2ACC88B7005D10C0 /* FotografPaylasmaUygulamasi.app */ = {isa = PBXFileReference; explicitFileType = wrapper.application; includeInIndex = 0; path = FotografPaylasmaUygulamasi.app; sourceTree = BUILT_PRODUCTS_DIR; };
		54BA77FF2ACC88B7005D10C0 /* AppDelegate.swift */ = {isa = PBXFileReference; lastKnownFileType = sourcecode.swift; path = AppDelegate.swift; sourceTree = "<group>"; };
		54BA78012ACC88B7005D10C0 /* SceneDelegate.swift */ = {isa = PBXFileReference; lastKnownFileType = sourcecode.swift; path = SceneDelegate.swift; sourceTree = "<group>"; };
		54BA78032ACC88B7005D10C0 /* ViewController.swift */ = {isa = PBXFileReference; lastKnownFileType = sourcecode.swift; path = ViewController.swift; sourceTree = "<group>"; };
		54BA78062ACC88B7005D10C0 /* Base */ = {isa = PBXFileReference; lastKnownFileType = file.storyboard; name = Base; path = Base.lproj/Main.storyboard; sourceTree = "<group>"; };
		54BA78082ACC88B8005D10C0 /* Assets.xcassets */ = {isa = PBXFileReference; lastKnownFileType = folder.assetcatalog; path = Assets.xcassets; sourceTree = "<group>"; };
		54BA780B2ACC88B8005D10C0 /* Base */ = {isa = PBXFileReference; lastKnownFileType = file.storyboard; name = Base; path = Base.lproj/LaunchScreen.storyboard; sourceTree = "<group>"; };
		54BA780D2ACC88B8005D10C0 /* Info.plist */ = {isa = PBXFileReference; lastKnownFileType = text.plist.xml; path = Info.plist; sourceTree = "<group>"; };
		54BA78132ACCA19D005D10C0 /* GoogleService-Info.plist */ = {isa = PBXFileReference; fileEncoding = 4; lastKnownFileType = text.plist.xml; path = "GoogleService-Info.plist"; sourceTree = "<group>"; };
		54D0F27F2AD3DEDA0061E128 /* FeedViewController.swift */ = {isa = PBXFileReference; lastKnownFileType = sourcecode.swift; path = FeedViewController.swift; sourceTree = "<group>"; };
		54D0F2812AD3DEF60061E128 /* UploadViewController.swift */ = {isa = PBXFileReference; lastKnownFileType = sourcecode.swift; path = UploadViewController.swift; sourceTree = "<group>"; };
		54D0F2832AD3DF0A0061E128 /* SettingsViewController.swift */ = {isa = PBXFileReference; lastKnownFileType = sourcecode.swift; path = SettingsViewController.swift; sourceTree = "<group>"; };
		9786821F0BDDF68361BDE339 /* Pods-FotografPaylasmaUygulamasi.debug.xcconfig */ = {isa = PBXFileReference; includeInIndex = 1; lastKnownFileType = text.xcconfig; name = "Pods-FotografPaylasmaUygulamasi.debug.xcconfig"; path = "Target Support Files/Pods-FotografPaylasmaUygulamasi/Pods-FotografPaylasmaUygulamasi.debug.xcconfig"; sourceTree = "<group>"; };
		CE84BC00F84C92EB2A312FFF /* Pods_FotografPaylasmaUygulamasi.framework */ = {isa = PBXFileReference; explicitFileType = wrapper.framework; includeInIndex = 0; path = Pods_FotografPaylasmaUygulamasi.framework; sourceTree = BUILT_PRODUCTS_DIR; };
/* End PBXFileReference section */

/* Begin PBXFrameworksBuildPhase section */
		54BA77F92ACC88B7005D10C0 /* Frameworks */ = {
			isa = PBXFrameworksBuildPhase;
			buildActionMask = 2147483647;
			files = (
				ACCCD325BC63BB56E9241769 /* Pods_FotografPaylasmaUygulamasi.framework in Frameworks */,
			);
			runOnlyForDeploymentPostprocessing = 0;
		};
/* End PBXFrameworksBuildPhase section */

/* Begin PBXGroup section */
		0F7160ED83710717DD518A74 /* Frameworks */ = {
			isa = PBXGroup;
			children = (
				CE84BC00F84C92EB2A312FFF /* Pods_FotografPaylasmaUygulamasi.framework */,
			);
			name = Frameworks;
			sourceTree = "<group>";
		};
		2CE6088335C64BEC21967073 /* Pods */ = {
			isa = PBXGroup;
			children = (
				9786821F0BDDF68361BDE339 /* Pods-FotografPaylasmaUygulamasi.debug.xcconfig */,
				19C48FB576E523C6CDD37840 /* Pods-FotografPaylasmaUygulamasi.release.xcconfig */,
			);
			path = Pods;
			sourceTree = "<group>";
		};
		54BA77F32ACC88B6005D10C0 = {
			isa = PBXGroup;
			children = (
				54BA77FE2ACC88B7005D10C0 /* FotografPaylasmaUygulamasi */,
				54BA77FD2ACC88B7005D10C0 /* Products */,
				2CE6088335C64BEC21967073 /* Pods */,
				0F7160ED83710717DD518A74 /* Frameworks */,
			);
			sourceTree = "<group>";
		};
		54BA77FD2ACC88B7005D10C0 /* Products */ = {
			isa = PBXGroup;
			children = (
				54BA77FC2ACC88B7005D10C0 /* FotografPaylasmaUygulamasi.app */,
			);
			name = Products;
			sourceTree = "<group>";
		};
		54BA77FE2ACC88B7005D10C0 /* FotografPaylasmaUygulamasi */ = {
			isa = PBXGroup;
			children = (
				54BA77FF2ACC88B7005D10C0 /* AppDelegate.swift */,
				54BA78012ACC88B7005D10C0 /* SceneDelegate.swift */,
				54BA78032ACC88B7005D10C0 /* ViewController.swift */,
				54BA78052ACC88B7005D10C0 /* Main.storyboard */,
				54BA78082ACC88B8005D10C0 /* Assets.xcassets */,
				54BA780A2ACC88B8005D10C0 /* LaunchScreen.storyboard */,
				54BA780D2ACC88B8005D10C0 /* Info.plist */,
				54BA78132ACCA19D005D10C0 /* GoogleService-Info.plist */,
				54D0F27F2AD3DEDA0061E128 /* FeedViewController.swift */,
				54D0F2812AD3DEF60061E128 /* UploadViewController.swift */,
				54D0F2832AD3DF0A0061E128 /* SettingsViewController.swift */,
			);
			path = FotografPaylasmaUygulamasi;
			sourceTree = "<group>";
		};
/* End PBXGroup section */

/* Begin PBXNativeTarget section */
		54BA77FB2ACC88B7005D10C0 /* FotografPaylasmaUygulamasi */ = {
			isa = PBXNativeTarget;
			buildConfigurationList = 54BA78102ACC88B8005D10C0 /* Build configuration list for PBXNativeTarget "FotografPaylasmaUygulamasi" */;
			buildPhases = (
				7C4335FED3992DDAD0BDA155 /* [CP] Check Pods Manifest.lock */,
				54BA77F82ACC88B7005D10C0 /* Sources */,
				54BA77F92ACC88B7005D10C0 /* Frameworks */,
				54BA77FA2ACC88B7005D10C0 /* Resources */,
				EA07E65791EE368BD4640415 /* [CP] Embed Pods Frameworks */,
			);
			buildRules = (
			);
			dependencies = (
			);
			name = FotografPaylasmaUygulamasi;
			productName = FotografPaylasmaUygulamasi;
			productReference = 54BA77FC2ACC88B7005D10C0 /* FotografPaylasmaUygulamasi.app */;
			productType = "com.apple.product-type.application";
		};
/* End PBXNativeTarget section */

/* Begin PBXProject section */
		54BA77F42ACC88B6005D10C0 /* Project object */ = {
			isa = PBXProject;
			attributes = {
				BuildIndependentTargetsInParallel = 1;
				LastSwiftUpdateCheck = 1430;
				LastUpgradeCheck = 1430;
				TargetAttributes = {
					54BA77FB2ACC88B7005D10C0 = {
						CreatedOnToolsVersion = 14.3.1;
					};
				};
			};
			buildConfigurationList = 54BA77F72ACC88B6005D10C0 /* Build configuration list for PBXProject "FotografPaylasmaUygulamasi" */;
			compatibilityVersion = "Xcode 14.0";
			developmentRegion = en;
			hasScannedForEncodings = 0;
			knownRegions = (
				en,
				Base,
			);
			mainGroup = 54BA77F32ACC88B6005D10C0;
			productRefGroup = 54BA77FD2ACC88B7005D10C0 /* Products */;
			projectDirPath = "";
			projectRoot = "";
			targets = (
				54BA77FB2ACC88B7005D10C0 /* FotografPaylasmaUygulamasi */,
			);
		};
/* End PBXProject section */

/* Begin PBXResourcesBuildPhase section */
		54BA77FA2ACC88B7005D10C0 /* Resources */ = {
			isa = PBXResourcesBuildPhase;
			buildActionMask = 2147483647;
			files = (
				54BA780C2ACC88B8005D10C0 /* LaunchScreen.storyboard in Resources */,
				54BA78142ACCA19D005D10C0 /* GoogleService-Info.plist in Resources */,
				54BA78092ACC88B8005D10C0 /* Assets.xcassets in Resources */,
				54BA78072ACC88B7005D10C0 /* Main.storyboard in Resources */,
			);
			runOnlyForDeploymentPostprocessing = 0;
		};
/* End PBXResourcesBuildPhase section */

/* Begin PBXShellScriptBuildPhase section */
		7C4335FED3992DDAD0BDA155 /* [CP] Check Pods Manifest.lock */ = {
			isa = PBXShellScriptBuildPhase;
			buildActionMask = 2147483647;
			files = (
			);
			inputFileListPaths = (
			);
			inputPaths = (
				"${PODS_PODFILE_DIR_PATH}/Podfile.lock",
				"${PODS_ROOT}/Manifest.lock",
			);
			name = "[CP] Check Pods Manifest.lock";
			outputFileListPaths = (
			);
			outputPaths = (
				"$(DERIVED_FILE_DIR)/Pods-FotografPaylasmaUygulamasi-checkManifestLockResult.txt",
			);
			runOnlyForDeploymentPostprocessing = 0;
			shellPath = /bin/sh;
			shellScript = "diff \"${PODS_PODFILE_DIR_PATH}/Podfile.lock\" \"${PODS_ROOT}/Manifest.lock\" > /dev/null\nif [ $? != 0 ] ; then\n    # print error to STDERR\n    echo \"error: The sandbox is not in sync with the Podfile.lock. Run 'pod install' or update your CocoaPods installation.\" >&2\n    exit 1\nfi\n# This output is used by Xcode 'outputs' to avoid re-running this script phase.\necho \"SUCCESS\" > \"${SCRIPT_OUTPUT_FILE_0}\"\n";
			showEnvVarsInLog = 0;
		};
		EA07E65791EE368BD4640415 /* [CP] Embed Pods Frameworks */ = {
			isa = PBXShellScriptBuildPhase;
			buildActionMask = 2147483647;
			files = (
			);
			inputFileListPaths = (
				"${PODS_ROOT}/Target Support Files/Pods-FotografPaylasmaUygulamasi/Pods-FotografPaylasmaUygulamasi-frameworks-${CONFIGURATION}-input-files.xcfilelist",
			);
			name = "[CP] Embed Pods Frameworks";
			outputFileListPaths = (
				"${PODS_ROOT}/Target Support Files/Pods-FotografPaylasmaUygulamasi/Pods-FotografPaylasmaUygulamasi-frameworks-${CONFIGURATION}-output-files.xcfilelist",
			);
			runOnlyForDeploymentPostprocessing = 0;
			shellPath = /bin/sh;
			shellScript = "\"${PODS_ROOT}/Target Support Files/Pods-FotografPaylasmaUygulamasi/Pods-FotografPaylasmaUygulamasi-frameworks.sh\"\n";
			showEnvVarsInLog = 0;
		};
/* End PBXShellScriptBuildPhase section */

/* Begin PBXSourcesBuildPhase section */
		54BA77F82ACC88B7005D10C0 /* Sources */ = {
			isa = PBXSourcesBuildPhase;
			buildActionMask = 2147483647;
			files = (
				54BA78042ACC88B7005D10C0 /* ViewController.swift in Sources */,
				54D0F2822AD3DEF60061E128 /* UploadViewController.swift in Sources */,
				54BA78002ACC88B7005D10C0 /* AppDelegate.swift in Sources */,
				54D0F2802AD3DEDA0061E128 /* FeedViewController.swift in Sources */,
				54BA78022ACC88B7005D10C0 /* SceneDelegate.swift in Sources */,
				54D0F2842AD3DF0A0061E128 /* SettingsViewController.swift in Sources */,
			);
			runOnlyForDeploymentPostprocessing = 0;
		};
/* End PBXSourcesBuildPhase section */

/* Begin PBXVariantGroup section */
		54BA78052ACC88B7005D10C0 /* Main.storyboard */ = {
			isa = PBXVariantGroup;
			children = (
				54BA78062ACC88B7005D10C0 /* Base */,
			);
			name = Main.storyboard;
			sourceTree = "<group>";
		};
		54BA780A2ACC88B8005D10C0 /* LaunchScreen.storyboard */ = {
			isa = PBXVariantGroup;
			children = (
				54BA780B2ACC88B8005D10C0 /* Base */,
			);
			name = LaunchScreen.storyboard;
			sourceTree = "<group>";
		};
/* End PBXVariantGroup section */

/* Begin XCBuildConfiguration section */
		54BA780E2ACC88B8005D10C0 /* Debug */ = {
			isa = XCBuildConfiguration;
			buildSettings = {
				ALWAYS_SEARCH_USER_PATHS = NO;
				CLANG_ANALYZER_NONNULL = YES;
				CLANG_ANALYZER_NUMBER_OBJECT_CONVERSION = YES_AGGRESSIVE;
				CLANG_CXX_LANGUAGE_STANDARD = "gnu++20";
				CLANG_ENABLE_MODULES = YES;
				CLANG_ENABLE_OBJC_ARC = YES;
				CLANG_ENABLE_OBJC_WEAK = YES;
				CLANG_WARN_BLOCK_CAPTURE_AUTORELEASING = YES;
				CLANG_WARN_BOOL_CONVERSION = YES;
				CLANG_WARN_COMMA = YES;
				CLANG_WARN_CONSTANT_CONVERSION = YES;
				CLANG_WARN_DEPRECATED_OBJC_IMPLEMENTATIONS = YES;
				CLANG_WARN_DIRECT_OBJC_ISA_USAGE = YES_ERROR;
				CLANG_WARN_DOCUMENTATION_COMMENTS = YES;
				CLANG_WARN_EMPTY_BODY = YES;
				CLANG_WARN_ENUM_CONVERSION = YES;
				CLANG_WARN_INFINITE_RECURSION = YES;
				CLANG_WARN_INT_CONVERSION = YES;
				CLANG_WARN_NON_LITERAL_NULL_CONVERSION = YES;
				CLANG_WARN_OBJC_IMPLICIT_RETAIN_SELF = YES;
				CLANG_WARN_OBJC_LITERAL_CONVERSION = YES;
				CLANG_WARN_OBJC_ROOT_CLASS = YES_ERROR;
				CLANG_WARN_QUOTED_INCLUDE_IN_FRAMEWORK_HEADER = YES;
				CLANG_WARN_RANGE_LOOP_ANALYSIS = YES;
				CLANG_WARN_STRICT_PROTOTYPES = YES;
				CLANG_WARN_SUSPICIOUS_MOVE = YES;
				CLANG_WARN_UNGUARDED_AVAILABILITY = YES_AGGRESSIVE;
				CLANG_WARN_UNREACHABLE_CODE = YES;
				CLANG_WARN__DUPLICATE_METHOD_MATCH = YES;
				COPY_PHASE_STRIP = NO;
				DEBUG_INFORMATION_FORMAT = dwarf;
				ENABLE_STRICT_OBJC_MSGSEND = YES;
				ENABLE_TESTABILITY = YES;
				GCC_C_LANGUAGE_STANDARD = gnu11;
				GCC_DYNAMIC_NO_PIC = NO;
				GCC_NO_COMMON_BLOCKS = YES;
				GCC_OPTIMIZATION_LEVEL = 0;
				GCC_PREPROCESSOR_DEFINITIONS = (
					"DEBUG=1",
					"$(inherited)",
				);
				GCC_WARN_64_TO_32_BIT_CONVERSION = YES;
				GCC_WARN_ABOUT_RETURN_TYPE = YES_ERROR;
				GCC_WARN_UNDECLARED_SELECTOR = YES;
				GCC_WARN_UNINITIALIZED_AUTOS = YES_AGGRESSIVE;
				GCC_WARN_UNUSED_FUNCTION = YES;
				GCC_WARN_UNUSED_VARIABLE = YES;
				IPHONEOS_DEPLOYMENT_TARGET = 16.4;
				MTL_ENABLE_DEBUG_INFO = INCLUDE_SOURCE;
				MTL_FAST_MATH = YES;
				ONLY_ACTIVE_ARCH = YES;
				SDKROOT = iphoneos;
				SWIFT_ACTIVE_COMPILATION_CONDITIONS = DEBUG;
				SWIFT_OPTIMIZATION_LEVEL = "-Onone";
			};
			name = Debug;
		};
		54BA780F2ACC88B8005D10C0 /* Release */ = {
			isa = XCBuildConfiguration;
			buildSettings = {
				ALWAYS_SEARCH_USER_PATHS = NO;
				CLANG_ANALYZER_NONNULL = YES;
				CLANG_ANALYZER_NUMBER_OBJECT_CONVERSION = YES_AGGRESSIVE;
				CLANG_CXX_LANGUAGE_STANDARD = "gnu++20";
				CLANG_ENABLE_MODULES = YES;
				CLANG_ENABLE_OBJC_ARC = YES;
				CLANG_ENABLE_OBJC_WEAK = YES;
				CLANG_WARN_BLOCK_CAPTURE_AUTORELEASING = YES;
				CLANG_WARN_BOOL_CONVERSION = YES;
				CLANG_WARN_COMMA = YES;
				CLANG_WARN_CONSTANT_CONVERSION = YES;
				CLANG_WARN_DEPRECATED_OBJC_IMPLEMENTATIONS = YES;
				CLANG_WARN_DIRECT_OBJC_ISA_USAGE = YES_ERROR;
				CLANG_WARN_DOCUMENTATION_COMMENTS = YES;
				CLANG_WARN_EMPTY_BODY = YES;
				CLANG_WARN_ENUM_CONVERSION = YES;
				CLANG_WARN_INFINITE_RECURSION = YES;
				CLANG_WARN_INT_CONVERSION = YES;
				CLANG_WARN_NON_LITERAL_NULL_CONVERSION = YES;
				CLANG_WARN_OBJC_IMPLICIT_RETAIN_SELF = YES;
				CLANG_WARN_OBJC_LITERAL_CONVERSION = YES;
				CLANG_WARN_OBJC_ROOT_CLASS = YES_ERROR;
				CLANG_WARN_QUOTED_INCLUDE_IN_FRAMEWORK_HEADER = YES;
				CLANG_WARN_RANGE_LOOP_ANALYSIS = YES;
				CLANG_WARN_STRICT_PROTOTYPES = YES;
				CLANG_WARN_SUSPICIOUS_MOVE = YES;
				CLANG_WARN_UNGUARDED_AVAILABILITY = YES_AGGRESSIVE;
				CLANG_WARN_UNREACHABLE_CODE = YES;
				CLANG_WARN__DUPLICATE_METHOD_MATCH = YES;
				COPY_PHASE_STRIP = NO;
				DEBUG_INFORMATION_FORMAT = "dwarf-with-dsym";
				ENABLE_NS_ASSERTIONS = NO;
				ENABLE_STRICT_OBJC_MSGSEND = YES;
				GCC_C_LANGUAGE_STANDARD = gnu11;
				GCC_NO_COMMON_BLOCKS = YES;
				GCC_WARN_64_TO_32_BIT_CONVERSION = YES;
				GCC_WARN_ABOUT_RETURN_TYPE = YES_ERROR;
				GCC_WARN_UNDECLARED_SELECTOR = YES;
				GCC_WARN_UNINITIALIZED_AUTOS = YES_AGGRESSIVE;
				GCC_WARN_UNUSED_FUNCTION = YES;
				GCC_WARN_UNUSED_VARIABLE = YES;
				IPHONEOS_DEPLOYMENT_TARGET = 16.4;
				MTL_ENABLE_DEBUG_INFO = NO;
				MTL_FAST_MATH = YES;
				SDKROOT = iphoneos;
				SWIFT_COMPILATION_MODE = wholemodule;
				SWIFT_OPTIMIZATION_LEVEL = "-O";
				VALIDATE_PRODUCT = YES;
			};
			name = Release;
		};
		54BA78112ACC88B8005D10C0 /* Debug */ = {
			isa = XCBuildConfiguration;
			baseConfigurationReference = 9786821F0BDDF68361BDE339 /* Pods-FotografPaylasmaUygulamasi.debug.xcconfig */;
			buildSettings = {
				ASSETCATALOG_COMPILER_APPICON_NAME = AppIcon;
				ASSETCATALOG_COMPILER_GLOBAL_ACCENT_COLOR_NAME = AccentColor;
				CODE_SIGN_STYLE = Automatic;
				CURRENT_PROJECT_VERSION = 1;
				DEVELOPMENT_TEAM = 95RK5FYMJM;
				GENERATE_INFOPLIST_FILE = YES;
				INFOPLIST_FILE = FotografPaylasmaUygulamasi/Info.plist;
				INFOPLIST_KEY_UIApplicationSupportsIndirectInputEvents = YES;
				INFOPLIST_KEY_UILaunchStoryboardName = LaunchScreen;
				INFOPLIST_KEY_UIMainStoryboardFile = Main;
				INFOPLIST_KEY_UISupportedInterfaceOrientations_iPad = "UIInterfaceOrientationPortrait UIInterfaceOrientationPortraitUpsideDown UIInterfaceOrientationLandscapeLeft UIInterfaceOrientationLandscapeRight";
				INFOPLIST_KEY_UISupportedInterfaceOrientations_iPhone = "UIInterfaceOrientationPortrait UIInterfaceOrientationLandscapeLeft UIInterfaceOrientationLandscapeRight";
				LD_RUNPATH_SEARCH_PATHS = (
					"$(inherited)",
					"@executable_path/Frameworks",
				);
				MARKETING_VERSION = 1.0;
				PRODUCT_BUNDLE_IDENTIFIER = com.ceren.FotografPaylasmaUygulamasi;
				PRODUCT_NAME = "$(TARGET_NAME)";
				SWIFT_EMIT_LOC_STRINGS = YES;
				SWIFT_VERSION = 5.0;
				TARGETED_DEVICE_FAMILY = "1,2";
			};
			name = Debug;
		};
		54BA78122ACC88B8005D10C0 /* Release */ = {
			isa = XCBuildConfiguration;
			baseConfigurationReference = 19C48FB576E523C6CDD37840 /* Pods-FotografPaylasmaUygulamasi.release.xcconfig */;
			buildSettings = {
				ASSETCATALOG_COMPILER_APPICON_NAME = AppIcon;
				ASSETCATALOG_COMPILER_GLOBAL_ACCENT_COLOR_NAME = AccentColor;
				CODE_SIGN_STYLE = Automatic;
				CURRENT_PROJECT_VERSION = 1;
				DEVELOPMENT_TEAM = 95RK5FYMJM;
				GENERATE_INFOPLIST_FILE = YES;
				INFOPLIST_FILE = FotografPaylasmaUygulamasi/Info.plist;
				INFOPLIST_KEY_UIApplicationSupportsIndirectInputEvents = YES;
				INFOPLIST_KEY_UILaunchStoryboardName = LaunchScreen;
				INFOPLIST_KEY_UIMainStoryboardFile = Main;
				INFOPLIST_KEY_UISupportedInterfaceOrientations_iPad = "UIInterfaceOrientationPortrait UIInterfaceOrientationPortraitUpsideDown UIInterfaceOrientationLandscapeLeft UIInterfaceOrientationLandscapeRight";
				INFOPLIST_KEY_UISupportedInterfaceOrientations_iPhone = "UIInterfaceOrientationPortrait UIInterfaceOrientationLandscapeLeft UIInterfaceOrientationLandscapeRight";
				LD_RUNPATH_SEARCH_PATHS = (
					"$(inherited)",
					"@executable_path/Frameworks",
				);
				MARKETING_VERSION = 1.0;
				PRODUCT_BUNDLE_IDENTIFIER = com.ceren.FotografPaylasmaUygulamasi;
				PRODUCT_NAME = "$(TARGET_NAME)";
				SWIFT_EMIT_LOC_STRINGS = YES;
				SWIFT_VERSION = 5.0;
				TARGETED_DEVICE_FAMILY = "1,2";
			};
			name = Release;
		};
/* End XCBuildConfiguration section */

/* Begin XCConfigurationList section */
		54BA77F72ACC88B6005D10C0 /* Build configuration list for PBXProject "FotografPaylasmaUygulamasi" */ = {
			isa = XCConfigurationList;
			buildConfigurations = (
				54BA780E2ACC88B8005D10C0 /* Debug */,
				54BA780F2ACC88B8005D10C0 /* Release */,
			);
			defaultConfigurationIsVisible = 0;
			defaultConfigurationName = Release;
		};
		54BA78102ACC88B8005D10C0 /* Build configuration list for PBXNativeTarget "FotografPaylasmaUygulamasi" */ = {
			isa = XCConfigurationList;
			buildConfigurations = (
				54BA78112ACC88B8005D10C0 /* Debug */,
				54BA78122ACC88B8005D10C0 /* Release */,
			);
			defaultConfigurationIsVisible = 0;
			defaultConfigurationName = Release;
		};
/* End XCConfigurationList section */
	};
	rootObject = 54BA77F42ACC88B6005D10C0 /* Project object */;
}
