// !$*UTF8*$!
{
	archiveVersion = 1;
	classes = {
	};
	objectVersion = 56;
	objects = {

/* Begin PBXBuildFile section */
		546CBB182AB3299800FC9E72 /* AppDelegate.swift in Sources */ = {isa = PBXBuildFile; fileRef = 546CBB172AB3299800FC9E72 /* AppDelegate.swift */; };
		546CBB1A2AB3299800FC9E72 /* SceneDelegate.swift in Sources */ = {isa = PBXBuildFile; fileRef = 546CBB192AB3299800FC9E72 /* SceneDelegate.swift */; };
		546CBB1C2AB3299800FC9E72 /* ViewController.swift in Sources */ = {isa = PBXBuildFile; fileRef = 546CBB1B2AB3299800FC9E72 /* ViewController.swift */; };
		546CBB1F2AB3299800FC9E72 /* Main.storyboard in Resources */ = {isa = PBXBuildFile; fileRef = 546CBB1D2AB3299800FC9E72 /* Main.storyboard */; };
		546CBB222AB3299800FC9E72 /* Al_sverisListesi.xcdatamodeld in Sources */ = {isa = PBXBuildFile; fileRef = 546CBB202AB3299800FC9E72 /* Al_sverisListesi.xcdatamodeld */; };
		546CBB242AB3299A00FC9E72 /* Assets.xcassets in Resources */ = {isa = PBXBuildFile; fileRef = 546CBB232AB3299A00FC9E72 /* Assets.xcassets */; };
		546CBB272AB3299A00FC9E72 /* LaunchScreen.storyboard in Resources */ = {isa = PBXBuildFile; fileRef = 546CBB252AB3299A00FC9E72 /* LaunchScreen.storyboard */; };
/* End PBXBuildFile section */

/* Begin PBXFileReference section */
		546CBB142AB3299800FC9E72 /* AlısverisListesi.app */ = {isa = PBXFileReference; explicitFileType = wrapper.application; includeInIndex = 0; path = "AlısverisListesi.app"; sourceTree = BUILT_PRODUCTS_DIR; };
		546CBB172AB3299800FC9E72 /* AppDelegate.swift */ = {isa = PBXFileReference; lastKnownFileType = sourcecode.swift; path = AppDelegate.swift; sourceTree = "<group>"; };
		546CBB192AB3299800FC9E72 /* SceneDelegate.swift */ = {isa = PBXFileReference; lastKnownFileType = sourcecode.swift; path = SceneDelegate.swift; sourceTree = "<group>"; };
		546CBB1B2AB3299800FC9E72 /* ViewController.swift */ = {isa = PBXFileReference; lastKnownFileType = sourcecode.swift; path = ViewController.swift; sourceTree = "<group>"; };
		546CBB1E2AB3299800FC9E72 /* Base */ = {isa = PBXFileReference; lastKnownFileType = file.storyboard; name = Base; path = Base.lproj/Main.storyboard; sourceTree = "<group>"; };
		546CBB212AB3299800FC9E72 /* Al_sverisListesi.xcdatamodel */ = {isa = PBXFileReference; lastKnownFileType = wrapper.xcdatamodel; path = Al_sverisListesi.xcdatamodel; sourceTree = "<group>"; };
		546CBB232AB3299A00FC9E72 /* Assets.xcassets */ = {isa = PBXFileReference; lastKnownFileType = folder.assetcatalog; path = Assets.xcassets; sourceTree = "<group>"; };
		546CBB262AB3299A00FC9E72 /* Base */ = {isa = PBXFileReference; lastKnownFileType = file.storyboard; name = Base; path = Base.lproj/LaunchScreen.storyboard; sourceTree = "<group>"; };
		546CBB282AB3299A00FC9E72 /* Info.plist */ = {isa = PBXFileReference; lastKnownFileType = text.plist.xml; path = Info.plist; sourceTree = "<group>"; };
/* End PBXFileReference section */

/* Begin PBXFrameworksBuildPhase section */
		546CBB112AB3299800FC9E72 /* Frameworks */ = {
			isa = PBXFrameworksBuildPhase;
			buildActionMask = 2147483647;
			files = (
			);
			runOnlyForDeploymentPostprocessing = 0;
		};
/* End PBXFrameworksBuildPhase section */

/* Begin PBXGroup section */
		546CBB0B2AB3299800FC9E72 = {
			isa = PBXGroup;
			children = (
				546CBB162AB3299800FC9E72 /* AlısverisListesi */,
				546CBB152AB3299800FC9E72 /* Products */,
			);
			sourceTree = "<group>";
		};
		546CBB152AB3299800FC9E72 /* Products */ = {
			isa = PBXGroup;
			children = (
				546CBB142AB3299800FC9E72 /* AlısverisListesi.app */,
			);
			name = Products;
			sourceTree = "<group>";
		};
		546CBB162AB3299800FC9E72 /* AlısverisListesi */ = {
			isa = PBXGroup;
			children = (
				546CBB172AB3299800FC9E72 /* AppDelegate.swift */,
				546CBB192AB3299800FC9E72 /* SceneDelegate.swift */,
				546CBB1B2AB3299800FC9E72 /* ViewController.swift */,
				546CBB1D2AB3299800FC9E72 /* Main.storyboard */,
				546CBB232AB3299A00FC9E72 /* Assets.xcassets */,
				546CBB252AB3299A00FC9E72 /* LaunchScreen.storyboard */,
				546CBB282AB3299A00FC9E72 /* Info.plist */,
				546CBB202AB3299800FC9E72 /* Al_sverisListesi.xcdatamodeld */,
			);
			path = "AlısverisListesi";
			sourceTree = "<group>";
		};
/* End PBXGroup section */

/* Begin PBXNativeTarget section */
		546CBB132AB3299800FC9E72 /* AlısverisListesi */ = {
			isa = PBXNativeTarget;
			buildConfigurationList = 546CBB2B2AB3299A00FC9E72 /* Build configuration list for PBXNativeTarget "AlısverisListesi" */;
			buildPhases = (
				546CBB102AB3299800FC9E72 /* Sources */,
				546CBB112AB3299800FC9E72 /* Frameworks */,
				546CBB122AB3299800FC9E72 /* Resources */,
			);
			buildRules = (
			);
			dependencies = (
			);
			name = "AlısverisListesi";
			productName = "AlısverisListesi";
			productReference = 546CBB142AB3299800FC9E72 /* AlısverisListesi.app */;
			productType = "com.apple.product-type.application";
		};
/* End PBXNativeTarget section */

/* Begin PBXProject section */
		546CBB0C2AB3299800FC9E72 /* Project object */ = {
			isa = PBXProject;
			attributes = {
				BuildIndependentTargetsInParallel = 1;
				LastSwiftUpdateCheck = 1430;
				LastUpgradeCheck = 1430;
				TargetAttributes = {
					546CBB132AB3299800FC9E72 = {
						CreatedOnToolsVersion = 14.3.1;
					};
				};
			};
			buildConfigurationList = 546CBB0F2AB3299800FC9E72 /* Build configuration list for PBXProject "AlısverisListesi" */;
			compatibilityVersion = "Xcode 14.0";
			developmentRegion = en;
			hasScannedForEncodings = 0;
			knownRegions = (
				en,
				Base,
			);
			mainGroup = 546CBB0B2AB3299800FC9E72;
			productRefGroup = 546CBB152AB3299800FC9E72 /* Products */;
			projectDirPath = "";
			projectRoot = "";
			targets = (
				546CBB132AB3299800FC9E72 /* AlısverisListesi */,
			);
		};
/* End PBXProject section */

/* Begin PBXResourcesBuildPhase section */
		546CBB122AB3299800FC9E72 /* Resources */ = {
			isa = PBXResourcesBuildPhase;
			buildActionMask = 2147483647;
			files = (
				546CBB272AB3299A00FC9E72 /* LaunchScreen.storyboard in Resources */,
				546CBB242AB3299A00FC9E72 /* Assets.xcassets in Resources */,
				546CBB1F2AB3299800FC9E72 /* Main.storyboard in Resources */,
			);
			runOnlyForDeploymentPostprocessing = 0;
		};
/* End PBXResourcesBuildPhase section */

/* Begin PBXSourcesBuildPhase section */
		546CBB102AB3299800FC9E72 /* Sources */ = {
			isa = PBXSourcesBuildPhase;
			buildActionMask = 2147483647;
			files = (
				546CBB1C2AB3299800FC9E72 /* ViewController.swift in Sources */,
				546CBB182AB3299800FC9E72 /* AppDelegate.swift in Sources */,
				546CBB222AB3299800FC9E72 /* Al_sverisListesi.xcdatamodeld in Sources */,
				546CBB1A2AB3299800FC9E72 /* SceneDelegate.swift in Sources */,
			);
			runOnlyForDeploymentPostprocessing = 0;
		};
/* End PBXSourcesBuildPhase section */

/* Begin PBXVariantGroup section */
		546CBB1D2AB3299800FC9E72 /* Main.storyboard */ = {
			isa = PBXVariantGroup;
			children = (
				546CBB1E2AB3299800FC9E72 /* Base */,
			);
			name = Main.storyboard;
			sourceTree = "<group>";
		};
		546CBB252AB3299A00FC9E72 /* LaunchScreen.storyboard */ = {
			isa = PBXVariantGroup;
			children = (
				546CBB262AB3299A00FC9E72 /* Base */,
			);
			name = LaunchScreen.storyboard;
			sourceTree = "<group>";
		};
/* End PBXVariantGroup section */

/* Begin XCBuildConfiguration section */
		546CBB292AB3299A00FC9E72 /* Debug */ = {
			isa = XCBuildConfiguration;
			buildSettings = {
				ALWAYS_SEARCH_USER_PATHS = NO;
				CLANG_ANALYZER_NONNULL = YES;
				CLANG_ANALYZER_NUMBER_OBJECT_CONVERSION = YES_AGGRESSIVE;
				CLANG_CXX_LANGUAGE_STANDARD = "gnu++20";
				CLANG_ENABLE_MODULES = YES;
				CLANG_ENABLE_OBJC_ARC = YES;
				CLANG_ENABLE_OBJC_WEAK = YES;
				CLANG_WARN_BLOCK_CAPTURE_AUTORELEASING = YES;
				CLANG_WARN_BOOL_CONVERSION = YES;
				CLANG_WARN_COMMA = YES;
				CLANG_WARN_CONSTANT_CONVERSION = YES;
				CLANG_WARN_DEPRECATED_OBJC_IMPLEMENTATIONS = YES;
				CLANG_WARN_DIRECT_OBJC_ISA_USAGE = YES_ERROR;
				CLANG_WARN_DOCUMENTATION_COMMENTS = YES;
				CLANG_WARN_EMPTY_BODY = YES;
				CLANG_WARN_ENUM_CONVERSION = YES;
				CLANG_WARN_INFINITE_RECURSION = YES;
				CLANG_WARN_INT_CONVERSION = YES;
				CLANG_WARN_NON_LITERAL_NULL_CONVERSION = YES;
				CLANG_WARN_OBJC_IMPLICIT_RETAIN_SELF = YES;
				CLANG_WARN_OBJC_LITERAL_CONVERSION = YES;
				CLANG_WARN_OBJC_ROOT_CLASS = YES_ERROR;
				CLANG_WARN_QUOTED_INCLUDE_IN_FRAMEWORK_HEADER = YES;
				CLANG_WARN_RANGE_LOOP_ANALYSIS = YES;
				CLANG_WARN_STRICT_PROTOTYPES = YES;
				CLANG_WARN_SUSPICIOUS_MOVE = YES;
				CLANG_WARN_UNGUARDED_AVAILABILITY = YES_AGGRESSIVE;
				CLANG_WARN_UNREACHABLE_CODE = YES;
				CLANG_WARN__DUPLICATE_METHOD_MATCH = YES;
				COPY_PHASE_STRIP = NO;
				DEBUG_INFORMATION_FORMAT = dwarf;
				ENABLE_STRICT_OBJC_MSGSEND = YES;
				ENABLE_TESTABILITY = YES;
				GCC_C_LANGUAGE_STANDARD = gnu11;
				GCC_DYNAMIC_NO_PIC = NO;
				GCC_NO_COMMON_BLOCKS = YES;
				GCC_OPTIMIZATION_LEVEL = 0;
				GCC_PREPROCESSOR_DEFINITIONS = (
					"DEBUG=1",
					"$(inherited)",
				);
				GCC_WARN_64_TO_32_BIT_CONVERSION = YES;
				GCC_WARN_ABOUT_RETURN_TYPE = YES_ERROR;
				GCC_WARN_UNDECLARED_SELECTOR = YES;
				GCC_WARN_UNINITIALIZED_AUTOS = YES_AGGRESSIVE;
				GCC_WARN_UNUSED_FUNCTION = YES;
				GCC_WARN_UNUSED_VARIABLE = YES;
				IPHONEOS_DEPLOYMENT_TARGET = 16.4;
				MTL_ENABLE_DEBUG_INFO = INCLUDE_SOURCE;
				MTL_FAST_MATH = YES;
				ONLY_ACTIVE_ARCH = YES;
				SDKROOT = iphoneos;
				SWIFT_ACTIVE_COMPILATION_CONDITIONS = DEBUG;
				SWIFT_OPTIMIZATION_LEVEL = "-Onone";
			};
			name = Debug;
		};
		546CBB2A2AB3299A00FC9E72 /* Release */ = {
			isa = XCBuildConfiguration;
			buildSettings = {
				ALWAYS_SEARCH_USER_PATHS = NO;
				CLANG_ANALYZER_NONNULL = YES;
				CLANG_ANALYZER_NUMBER_OBJECT_CONVERSION = YES_AGGRESSIVE;
				CLANG_CXX_LANGUAGE_STANDARD = "gnu++20";
				CLANG_ENABLE_MODULES = YES;
				CLANG_ENABLE_OBJC_ARC = YES;
				CLANG_ENABLE_OBJC_WEAK = YES;
				CLANG_WARN_BLOCK_CAPTURE_AUTORELEASING = YES;
				CLANG_WARN_BOOL_CONVERSION = YES;
				CLANG_WARN_COMMA = YES;
				CLANG_WARN_CONSTANT_CONVERSION = YES;
				CLANG_WARN_DEPRECATED_OBJC_IMPLEMENTATIONS = YES;
				CLANG_WARN_DIRECT_OBJC_ISA_USAGE = YES_ERROR;
				CLANG_WARN_DOCUMENTATION_COMMENTS = YES;
				CLANG_WARN_EMPTY_BODY = YES;
				CLANG_WARN_ENUM_CONVERSION = YES;
				CLANG_WARN_INFINITE_RECURSION = YES;
				CLANG_WARN_INT_CONVERSION = YES;
				CLANG_WARN_NON_LITERAL_NULL_CONVERSION = YES;
				CLANG_WARN_OBJC_IMPLICIT_RETAIN_SELF = YES;
				CLANG_WARN_OBJC_LITERAL_CONVERSION = YES;
				CLANG_WARN_OBJC_ROOT_CLASS = YES_ERROR;
				CLANG_WARN_QUOTED_INCLUDE_IN_FRAMEWORK_HEADER = YES;
				CLANG_WARN_RANGE_LOOP_ANALYSIS = YES;
				CLANG_WARN_STRICT_PROTOTYPES = YES;
				CLANG_WARN_SUSPICIOUS_MOVE = YES;
				CLANG_WARN_UNGUARDED_AVAILABILITY = YES_AGGRESSIVE;
				CLANG_WARN_UNREACHABLE_CODE = YES;
				CLANG_WARN__DUPLICATE_METHOD_MATCH = YES;
				COPY_PHASE_STRIP = NO;
				DEBUG_INFORMATION_FORMAT = "dwarf-with-dsym";
				ENABLE_NS_ASSERTIONS = NO;
				ENABLE_STRICT_OBJC_MSGSEND = YES;
				GCC_C_LANGUAGE_STANDARD = gnu11;
				GCC_NO_COMMON_BLOCKS = YES;
				GCC_WARN_64_TO_32_BIT_CONVERSION = YES;
				GCC_WARN_ABOUT_RETURN_TYPE = YES_ERROR;
				GCC_WARN_UNDECLARED_SELECTOR = YES;
				GCC_WARN_UNINITIALIZED_AUTOS = YES_AGGRESSIVE;
				GCC_WARN_UNUSED_FUNCTION = YES;
				GCC_WARN_UNUSED_VARIABLE = YES;
				IPHONEOS_DEPLOYMENT_TARGET = 16.4;
				MTL_ENABLE_DEBUG_INFO = NO;
				MTL_FAST_MATH = YES;
				SDKROOT = iphoneos;
				SWIFT_COMPILATION_MODE = wholemodule;
				SWIFT_OPTIMIZATION_LEVEL = "-O";
				VALIDATE_PRODUCT = YES;
			};
			name = Release;
		};
		546CBB2C2AB3299A00FC9E72 /* Debug */ = {
			isa = XCBuildConfiguration;
			buildSettings = {
				ASSETCATALOG_COMPILER_APPICON_NAME = AppIcon;
				ASSETCATALOG_COMPILER_GLOBAL_ACCENT_COLOR_NAME = AccentColor;
				CODE_SIGN_STYLE = Automatic;
				CURRENT_PROJECT_VERSION = 1;
				DEVELOPMENT_TEAM = 95RK5FYMJM;
				GENERATE_INFOPLIST_FILE = YES;
				INFOPLIST_FILE = "AlısverisListesi/Info.plist";
				INFOPLIST_KEY_UIApplicationSupportsIndirectInputEvents = YES;
				INFOPLIST_KEY_UILaunchStoryboardName = LaunchScreen;
				INFOPLIST_KEY_UIMainStoryboardFile = Main;
				INFOPLIST_KEY_UISupportedInterfaceOrientations_iPad = "UIInterfaceOrientationPortrait UIInterfaceOrientationPortraitUpsideDown UIInterfaceOrientationLandscapeLeft UIInterfaceOrientationLandscapeRight";
				INFOPLIST_KEY_UISupportedInterfaceOrientations_iPhone = "UIInterfaceOrientationPortrait UIInterfaceOrientationLandscapeLeft UIInterfaceOrientationLandscapeRight";
				LD_RUNPATH_SEARCH_PATHS = (
					"$(inherited)",
					"@executable_path/Frameworks",
				);
				MARKETING_VERSION = 1.0;
				PRODUCT_BUNDLE_IDENTIFIER = "com.ceren.Al-sverisListesi";
				PRODUCT_NAME = "$(TARGET_NAME)";
				SWIFT_EMIT_LOC_STRINGS = YES;
				SWIFT_VERSION = 5.0;
				TARGETED_DEVICE_FAMILY = "1,2";
			};
			name = Debug;
		};
		546CBB2D2AB3299A00FC9E72 /* Release */ = {
			isa = XCBuildConfiguration;
			buildSettings = {
				ASSETCATALOG_COMPILER_APPICON_NAME = AppIcon;
				ASSETCATALOG_COMPILER_GLOBAL_ACCENT_COLOR_NAME = AccentColor;
				CODE_SIGN_STYLE = Automatic;
				CURRENT_PROJECT_VERSION = 1;
				DEVELOPMENT_TEAM = 95RK5FYMJM;
				GENERATE_INFOPLIST_FILE = YES;
				INFOPLIST_FILE = "AlısverisListesi/Info.plist";
				INFOPLIST_KEY_UIApplicationSupportsIndirectInputEvents = YES;
				INFOPLIST_KEY_UILaunchStoryboardName = LaunchScreen;
				INFOPLIST_KEY_UIMainStoryboardFile = Main;
				INFOPLIST_KEY_UISupportedInterfaceOrientations_iPad = "UIInterfaceOrientationPortrait UIInterfaceOrientationPortraitUpsideDown UIInterfaceOrientationLandscapeLeft UIInterfaceOrientationLandscapeRight";
				INFOPLIST_KEY_UISupportedInterfaceOrientations_iPhone = "UIInterfaceOrientationPortrait UIInterfaceOrientationLandscapeLeft UIInterfaceOrientationLandscapeRight";
				LD_RUNPATH_SEARCH_PATHS = (
					"$(inherited)",
					"@executable_path/Frameworks",
				);
				MARKETING_VERSION = 1.0;
				PRODUCT_BUNDLE_IDENTIFIER = "com.ceren.Al-sverisListesi";
				PRODUCT_NAME = "$(TARGET_NAME)";
				SWIFT_EMIT_LOC_STRINGS = YES;
				SWIFT_VERSION = 5.0;
				TARGETED_DEVICE_FAMILY = "1,2";
			};
			name = Release;
		};
/* End XCBuildConfiguration section */

/* Begin XCConfigurationList section */
		546CBB0F2AB3299800FC9E72 /* Build configuration list for PBXProject "AlısverisListesi" */ = {
			isa = XCConfigurationList;
			buildConfigurations = (
				546CBB292AB3299A00FC9E72 /* Debug */,
				546CBB2A2AB3299A00FC9E72 /* Release */,
			);
			defaultConfigurationIsVisible = 0;
			defaultConfigurationName = Release;
		};
		546CBB2B2AB3299A00FC9E72 /* Build configuration list for PBXNativeTarget "AlısverisListesi" */ = {
			isa = XCConfigurationList;
			buildConfigurations = (
				546CBB2C2AB3299A00FC9E72 /* Debug */,
				546CBB2D2AB3299A00FC9E72 /* Release */,
			);
			defaultConfigurationIsVisible = 0;
			defaultConfigurationName = Release;
		};
/* End XCConfigurationList section */

/* Begin XCVersionGroup section */
		546CBB202AB3299800FC9E72 /* Al_sverisListesi.xcdatamodeld */ = {
			isa = XCVersionGroup;
			children = (
				546CBB212AB3299800FC9E72 /* Al_sverisListesi.xcdatamodel */,
			);
			currentVersion = 546CBB212AB3299800FC9E72 /* Al_sverisListesi.xcdatamodel */;
			path = Al_sverisListesi.xcdatamodeld;
			sourceTree = "<group>";
			versionGroupType = wrapper.xcdatamodel;
		};
/* End XCVersionGroup section */
	};
	rootObject = 546CBB0C2AB3299800FC9E72 /* Project object */;
}
